
Microsoft Visual Studio Solution File, Format Version 12.00
# Visual Studio Version 17
VisualStudioVersion = 17.0.32014.148
MinimumVisualStudioVersion = 10.0.40219.1
Project("{FAE04EC0-301F-11D3-BF4B-00C04F79EFBC}") = "ObjektovaAplikace", "ObjektovaAplikace\ObjektovaAplikace.csproj", "{EC722932-74B5-403F-AAAA-9F2B576684EF}"
EndProject
Global
	GlobalSection(SolutionConfigurationPlatforms) = preSolution
		Debug|Any CPU = Debug|Any CPU
		Release|Any CPU = Release|Any CPU
	EndGlobalSection
	GlobalSection(ProjectConfigurationPlatforms) = postSolution
		{EC722932-74B5-403F-AAAA-9F2B576684EF}.Debug|Any CPU.ActiveCfg = Debug|Any CPU
		{EC722932-74B5-403F-AAAA-9F2B576684EF}.Debug|Any CPU.Build.0 = Debug|Any CPU
		{EC722932-74B5-403F-AAAA-9F2B576684EF}.Release|Any CPU.ActiveCfg = Release|Any CPU
		{EC722932-74B5-403F-AAAA-9F2B576684EF}.Release|Any CPU.Build.0 = Release|Any CPU
	EndGlobalSection
	GlobalSection(SolutionProperties) = preSolution
		HideSolutionNode = FALSE
	EndGlobalSection
	GlobalSection(ExtensibilityGlobals) = postSolution
		SolutionGuid = {A7B80794-2ED1-43CD-9934-D37AA267C897}
	EndGlobalSection
EndGlobal
